
Microsoft Visual Studio Solution File, Format Version 12.00
# Visual Studio Version 16
VisualStudioVersion = 16.0.29509.3
MinimumVisualStudioVersion = 10.0.40219.1
Project("{FAE04EC0-301F-11D3-BF4B-00C04F79EFBC}") = "AdventOfCode2019", "AdventOfCode2019\AdventOfCode2019.csproj", "{65157ED7-5F41-450B-B563-1B027540B820}"
EndProject
Project("{FAE04EC0-301F-11D3-BF4B-00C04F79EFBC}") = "AdventOfCode2019.Tests", "AdventOfCode2019.Tests\AdventOfCode2019.Tests.csproj", "{7E1627C4-390B-4A1E-A6AD-0DF4C63B3026}"
EndProject
Global
	GlobalSection(SolutionConfigurationPlatforms) = preSolution
		Debug|Any CPU = Debug|Any CPU
		Release|Any CPU = Release|Any CPU
	EndGlobalSection
	GlobalSection(ProjectConfigurationPlatforms) = postSolution
		{65157ED7-5F41-450B-B563-1B027540B820}.Debug|Any CPU.ActiveCfg = Debug|Any CPU
		{65157ED7-5F41-450B-B563-1B027540B820}.Debug|Any CPU.Build.0 = Debug|Any CPU
		{65157ED7-5F41-450B-B563-1B027540B820}.Release|Any CPU.ActiveCfg = Release|Any CPU
		{65157ED7-5F41-450B-B563-1B027540B820}.Release|Any CPU.Build.0 = Release|Any CPU
		{7E1627C4-390B-4A1E-A6AD-0DF4C63B3026}.Debug|Any CPU.ActiveCfg = Debug|Any CPU
		{7E1627C4-390B-4A1E-A6AD-0DF4C63B3026}.Debug|Any CPU.Build.0 = Debug|Any CPU
		{7E1627C4-390B-4A1E-A6AD-0DF4C63B3026}.Release|Any CPU.ActiveCfg = Release|Any CPU
		{7E1627C4-390B-4A1E-A6AD-0DF4C63B3026}.Release|Any CPU.Build.0 = Release|Any CPU
	EndGlobalSection
	GlobalSection(SolutionProperties) = preSolution
		HideSolutionNode = FALSE
	EndGlobalSection
	GlobalSection(ExtensibilityGlobals) = postSolution
		SolutionGuid = {E9794DEF-2582-49AD-95AC-0547F3943A34}
	EndGlobalSection
EndGlobal
